{
  "name": "ODISC_AsciiDoc",
  "lockfileVersion": 3,
  "requires": true,
  "packages": {
    "": {
      "dependencies": {
        "@asciidoctor/core": "^4.0.8"
      }
    },
    "node_modules/@asciidoctor/core": {
      "version": "4.0.8",
      "resolved": "https://registry.npmjs.org/@asciidoctor/core/-/core-4.0.8.tgz",
      "integrity": "sha512-Yg/ILwZbjoBIhdQV4PZ5VtCnfn+DQgdt6iBI4wqpZv3y8e7d2tU663os9RsQmaTxSa6XyitASpUn4JxG6PYtFg==",
      "license": "MIT",
      "engines": {
        "node": ">=20"
      }
    }
  }
}
